
Microsoft Visual Studio Solution File, Format Version 12.00
# Visual Studio Version 16
VisualStudioVersion = 16.0.31205.134
MinimumVisualStudioVersion = 10.0.40219.1
Project("{FAE04EC0-301F-11D3-BF4B-00C04F79EFBC}") = "TodoEstanko.Android", "TodoEstanko\TodoEstanko.Android\TodoEstanko.Android.csproj", "{0D12A1F0-0380-467D-807C-35B483D45027}"
EndProject
Project("{FAE04EC0-301F-11D3-BF4B-00C04F79EFBC}") = "TodoEstanko.iOS", "TodoEstanko\TodoEstanko.iOS\TodoEstanko.iOS.csproj", "{2ABCFF75-4E8C-4C1F-B032-624D5F094B80}"
EndProject
Project("{FAE04EC0-301F-11D3-BF4B-00C04F79EFBC}") = "TodoEstanko", "TodoEstanko\TodoEstanko\TodoEstanko.csproj", "{44622BAF-EB02-4AF2-A60A-7205B3441A09}"
EndProject
Global
	GlobalSection(SolutionConfigurationPlatforms) = preSolution
		Debug|Any CPU = Debug|Any CPU
		Debug|iPhone = Debug|iPhone
		Debug|iPhoneSimulator = Debug|iPhoneSimulator
		Release|Any CPU = Release|Any CPU
		Release|iPhone = Release|iPhone
		Release|iPhoneSimulator = Release|iPhoneSimulator
	EndGlobalSection
	GlobalSection(ProjectConfigurationPlatforms) = postSolution
		{0D12A1F0-0380-467D-807C-35B483D45027}.Debug|Any CPU.ActiveCfg = Debug|Any CPU
		{0D12A1F0-0380-467D-807C-35B483D45027}.Debug|Any CPU.Build.0 = Debug|Any CPU
		{0D12A1F0-0380-467D-807C-35B483D45027}.Debug|Any CPU.Deploy.0 = Debug|Any CPU
		{0D12A1F0-0380-467D-807C-35B483D45027}.Debug|iPhone.ActiveCfg = Debug|Any CPU
		{0D12A1F0-0380-467D-807C-35B483D45027}.Debug|iPhone.Build.0 = Debug|Any CPU
		{0D12A1F0-0380-467D-807C-35B483D45027}.Debug|iPhone.Deploy.0 = Debug|Any CPU
		{0D12A1F0-0380-467D-807C-35B483D45027}.Debug|iPhoneSimulator.ActiveCfg = Debug|Any CPU
		{0D12A1F0-0380-467D-807C-35B483D45027}.Debug|iPhoneSimulator.Build.0 = Debug|Any CPU
		{0D12A1F0-0380-467D-807C-35B483D45027}.Debug|iPhoneSimulator.Deploy.0 = Debug|Any CPU
		{0D12A1F0-0380-467D-807C-35B483D45027}.Release|Any CPU.ActiveCfg = Release|Any CPU
		{0D12A1F0-0380-467D-807C-35B483D45027}.Release|Any CPU.Build.0 = Release|Any CPU
		{0D12A1F0-0380-467D-807C-35B483D45027}.Release|Any CPU.Deploy.0 = Release|Any CPU
		{0D12A1F0-0380-467D-807C-35B483D45027}.Release|iPhone.ActiveCfg = Release|Any CPU
		{0D12A1F0-0380-467D-807C-35B483D45027}.Release|iPhone.Build.0 = Release|Any CPU
		{0D12A1F0-0380-467D-807C-35B483D45027}.Release|iPhone.Deploy.0 = Release|Any CPU
		{0D12A1F0-0380-467D-807C-35B483D45027}.Release|iPhoneSimulator.ActiveCfg = Release|Any CPU
		{0D12A1F0-0380-467D-807C-35B483D45027}.Release|iPhoneSimulator.Build.0 = Release|Any CPU
		{0D12A1F0-0380-467D-807C-35B483D45027}.Release|iPhoneSimulator.Deploy.0 = Release|Any CPU
		{2ABCFF75-4E8C-4C1F-B032-624D5F094B80}.Debug|Any CPU.ActiveCfg = Debug|iPhone
		{2ABCFF75-4E8C-4C1F-B032-624D5F094B80}.Debug|Any CPU.Build.0 = Debug|iPhone
		{2ABCFF75-4E8C-4C1F-B032-624D5F094B80}.Debug|Any CPU.Deploy.0 = Debug|iPhone
		{2ABCFF75-4E8C-4C1F-B032-624D5F094B80}.Debug|iPhone.ActiveCfg = Debug|iPhone
		{2ABCFF75-4E8C-4C1F-B032-624D5F094B80}.Debug|iPhone.Build.0 = Debug|iPhone
		{2ABCFF75-4E8C-4C1F-B032-624D5F094B80}.Debug|iPhone.Deploy.0 = Debug|iPhone
		{2ABCFF75-4E8C-4C1F-B032-624D5F094B80}.Debug|iPhoneSimulator.ActiveCfg = Debug|iPhoneSimulator
		{2ABCFF75-4E8C-4C1F-B032-624D5F094B80}.Debug|iPhoneSimulator.Build.0 = Debug|iPhoneSimulator
		{2ABCFF75-4E8C-4C1F-B032-624D5F094B80}.Debug|iPhoneSimulator.Deploy.0 = Debug|iPhoneSimulator
		{2ABCFF75-4E8C-4C1F-B032-624D5F094B80}.Release|Any CPU.ActiveCfg = Release|iPhoneSimulator
		{2ABCFF75-4E8C-4C1F-B032-624D5F094B80}.Release|Any CPU.Build.0 = Release|iPhoneSimulator
		{2ABCFF75-4E8C-4C1F-B032-624D5F094B80}.Release|Any CPU.Deploy.0 = Release|iPhoneSimulator
		{2ABCFF75-4E8C-4C1F-B032-624D5F094B80}.Release|iPhone.ActiveCfg = Release|iPhone
		{2ABCFF75-4E8C-4C1F-B032-624D5F094B80}.Release|iPhone.Build.0 = Release|iPhone
		{2ABCFF75-4E8C-4C1F-B032-624D5F094B80}.Release|iPhone.Deploy.0 = Release|iPhone
		{2ABCFF75-4E8C-4C1F-B032-624D5F094B80}.Release|iPhoneSimulator.ActiveCfg = Release|iPhoneSimulator
		{2ABCFF75-4E8C-4C1F-B032-624D5F094B80}.Release|iPhoneSimulator.Build.0 = Release|iPhoneSimulator
		{2ABCFF75-4E8C-4C1F-B032-624D5F094B80}.Release|iPhoneSimulator.Deploy.0 = Release|iPhoneSimulator
		{44622BAF-EB02-4AF2-A60A-7205B3441A09}.Debug|Any CPU.ActiveCfg = Debug|Any CPU
		{44622BAF-EB02-4AF2-A60A-7205B3441A09}.Debug|Any CPU.Build.0 = Debug|Any CPU
		{44622BAF-EB02-4AF2-A60A-7205B3441A09}.Debug|Any CPU.Deploy.0 = Debug|Any CPU
		{44622BAF-EB02-4AF2-A60A-7205B3441A09}.Debug|iPhone.ActiveCfg = Debug|Any CPU
		{44622BAF-EB02-4AF2-A60A-7205B3441A09}.Debug|iPhone.Build.0 = Debug|Any CPU
		{44622BAF-EB02-4AF2-A60A-7205B3441A09}.Debug|iPhone.Deploy.0 = Debug|Any CPU
		{44622BAF-EB02-4AF2-A60A-7205B3441A09}.Debug|iPhoneSimulator.ActiveCfg = Debug|Any CPU
		{44622BAF-EB02-4AF2-A60A-7205B3441A09}.Debug|iPhoneSimulator.Build.0 = Debug|Any CPU
		{44622BAF-EB02-4AF2-A60A-7205B3441A09}.Debug|iPhoneSimulator.Deploy.0 = Debug|Any CPU
		{44622BAF-EB02-4AF2-A60A-7205B3441A09}.Release|Any CPU.ActiveCfg = Release|Any CPU
		{44622BAF-EB02-4AF2-A60A-7205B3441A09}.Release|Any CPU.Build.0 = Release|Any CPU
		{44622BAF-EB02-4AF2-A60A-7205B3441A09}.Release|Any CPU.Deploy.0 = Release|Any CPU
		{44622BAF-EB02-4AF2-A60A-7205B3441A09}.Release|iPhone.ActiveCfg = Release|Any CPU
		{44622BAF-EB02-4AF2-A60A-7205B3441A09}.Release|iPhone.Build.0 = Release|Any CPU
		{44622BAF-EB02-4AF2-A60A-7205B3441A09}.Release|iPhone.Deploy.0 = Release|Any CPU
		{44622BAF-EB02-4AF2-A60A-7205B3441A09}.Release|iPhoneSimulator.ActiveCfg = Release|Any CPU
		{44622BAF-EB02-4AF2-A60A-7205B3441A09}.Release|iPhoneSimulator.Build.0 = Release|Any CPU
		{44622BAF-EB02-4AF2-A60A-7205B3441A09}.Release|iPhoneSimulator.Deploy.0 = Release|Any CPU
	EndGlobalSection
	GlobalSection(SolutionProperties) = preSolution
		HideSolutionNode = FALSE
	EndGlobalSection
	GlobalSection(ExtensibilityGlobals) = postSolution
		SolutionGuid = {F444E455-E181-4B66-B8C5-0EE3C8992167}
	EndGlobalSection
EndGlobal
